{
  "version": "5",
  "specifiers": {
    "jsr:@supabase/functions-js@*": "2.110.2"
  },
  "jsr": {
    "@supabase/functions-js@2.110.2": {
      "integrity": "4b21a1cbe87b81585ac308adf08a7890dd716c2cf82e29036a6764dbad21443b"
    }
  },
  "remote": {
    "https://deno.land/std@0.177.0/async/abortable.ts": "73acfb3ed7261ce0d930dbe89e43db8d34e017b063cf0eaa7d215477bf53442e",
    "https://deno.land/std@0.177.0/async/deadline.ts": "c5facb0b404eede83e38bd2717ea8ab34faa2ffb20ef87fd261fcba32ba307aa",
    "https://deno.land/std@0.177.0/async/debounce.ts": "adab11d04ca38d699444ac8a9d9856b4155e8dda2afd07ce78276c01ea5a4332",
    "https://deno.land/std@0.177.0/async/deferred.ts": "42790112f36a75a57db4a96d33974a936deb7b04d25c6084a9fa8a49f135def8",
    "https://deno.land/std@0.177.0/async/delay.ts": "73aa04cec034c84fc748c7be49bb15cac3dd43a57174bfdb7a4aec22c248f0dd",
    "https://deno.land/std@0.177.0/async/mod.ts": "f04344fa21738e5ad6bea37a6bfffd57c617c2d372bb9f9dcfd118a1b622e576",
    "https://deno.land/std@0.177.0/async/mux_async_iterator.ts": "70c7f2ee4e9466161350473ad61cac0b9f115cff4c552eaa7ef9d50c4cbb4cc9",
    "https://deno.land/std@0.177.0/async/pool.ts": "fd082bd4aaf26445909889435a5c74334c017847842ec035739b4ae637ae8260",
    "https://deno.land/std@0.177.0/async/retry.ts": "5efa3ba450ac0c07a40a82e2df296287b5013755d232049efd7ea2244f15b20f",
    "https://deno.land/std@0.177.0/async/tee.ts": "47e42d35f622650b02234d43803d0383a89eb4387e1b83b5a40106d18ae36757",
    "https://deno.land/std@0.177.0/http/server.ts": "cbb17b594651215ba95c01a395700684e569c165a567e4e04bba327f41197433"
  },
  "workspace": {
    "packageJson": {
      "dependencies": [
        "npm:@babel/core@^7.26.0",
        "npm:@babel/plugin-transform-runtime@^7.28.0",
        "npm:@babel/preset-env@^7.28.0",
        "npm:@expo/vector-icons@^15.0.2",
        "npm:@react-native-async-storage/async-storage@2.2.0",
        "npm:@react-native-community/cli@^19.1.1",
        "npm:@react-native-community/datetimepicker@8.4.4",
        "npm:@react-native/metro-config@0.83",
        "npm:@sentry/react-native@7.2",
        "npm:@supabase/supabase-js@^2.43.2",
        "npm:@types/react-native@~0.72.8",
        "npm:@types/react@~19.1.10",
        "npm:ajv-keywords@^5.1.0",
        "npm:ajv@^8.12.0",
        "npm:babel-plugin-module-resolver@^5.0.2",
        "npm:buffer@^6.0.3",
        "npm:crypto-browserify@^3.12.1",
        "npm:dotenv@^17.2.3",
        "npm:expo-auth-session@~7.0.10",
        "npm:expo-av@~16.0.8",
        "npm:expo-camera@~17.0.10",
        "npm:expo-constants@18.0",
        "npm:expo-crypto@~15.0.8",
        "npm:expo-device@~8.0.10",
        "npm:expo-file-system@19.0",
        "npm:expo-font@14.0",
        "npm:expo-image-picker@~17.0.9",
        "npm:expo-linking@~8.0.10",
        "npm:expo-local-authentication@~17.0.8",
        "npm:expo-location@~19.0.8",
        "npm:expo-notifications@~0.32.14",
        "npm:expo-router@~6.0.17",
        "npm:expo-secure-store@~15.0.8",
        "npm:expo-speech@~14.0.8",
        "npm:expo-splash-screen@~31.0.12",
        "npm:expo-status-bar@~3.0.9",
        "npm:expo-system-ui@~6.0.9",
        "npm:expo-updates@~29.0.14",
        "npm:expo-web-browser@~15.0.10",
        "npm:expo@~54.0.27",
        "npm:jspdf@^3.0.1",
        "npm:lucide-react-native@0.469",
        "npm:patch-package@^8.0.1",
        "npm:process@~0.11.10",
        "npm:react-dom@19.1.0",
        "npm:react-native-gesture-handler@2.28",
        "npm:react-native-reanimated@4.1",
        "npm:react-native-safe-area-context@5.6",
        "npm:react-native-screens@4.16",
        "npm:react-native-super-grid@^6.0.1",
        "npm:react-native-svg-transformer@^1.5.1",
        "npm:react-native-svg@15.12.1",
        "npm:react-native-web@0.21",
        "npm:react-native-webview@13.15.0",
        "npm:react-native-worklets@0.5.1",
        "npm:react-native@0.81.5",
        "npm:react@19.1.0",
        "npm:stream-browserify@3",
        "npm:typescript@~5.9.2"
      ]
    }
  }
}
